
Microsoft Visual Studio Solution File, Format Version 12.00
# Visual Studio Version 16
VisualStudioVersion = 16.0.30717.126
MinimumVisualStudioVersion = 10.0.40219.1
Project("{9A19103F-16F7-4668-BE54-9A1E7A4F7556}") = "FirstProgram", "FirstProgram\FirstProgram.csproj", "{F3511EA4-6A70-4581-8B70-E97FA0A5FB4D}"
EndProject
Project("{9A19103F-16F7-4668-BE54-9A1E7A4F7556}") = "PartyInvites", "PartyInvites\PartyInvites.csproj", "{2C09F5DF-F73D-41E4-B91D-9DC4C1897968}"
EndProject
Project("{9A19103F-16F7-4668-BE54-9A1E7A4F7556}") = "LanguageFeatures", "LanguageFeatures\LanguageFeatures.csproj", "{4A9696D6-A061-457B-A3BE-592DF09A6D8D}"
EndProject
Project("{9A19103F-16F7-4668-BE54-9A1E7A4F7556}") = "SimpleApp", "SimpleApp\SimpleApp.csproj", "{EC484432-CA6A-4E45-9DFD-A15C89260CBE}"
EndProject
Project("{9A19103F-16F7-4668-BE54-9A1E7A4F7556}") = "SimpleApp.Tests", "SimpleApp.Tests\SimpleApp.Tests.csproj", "{ADB06EF8-9CFD-4FCC-BF76-034C4389B62B}"
EndProject
Project("{FAE04EC0-301F-11D3-BF4B-00C04F79EFBC}") = "SportsStore", "SportsStore\SportsStore.csproj", "{9259DB20-F81F-4A24-9944-29F930C2E7A2}"
EndProject
Project("{FAE04EC0-301F-11D3-BF4B-00C04F79EFBC}") = "SportsStore.Tests", "SportsStore.Tests\SportsStore.Tests.csproj", "{C3A829C7-8A66-47E8-AF8C-0D9E01A3918D}"
EndProject
Global
	GlobalSection(SolutionConfigurationPlatforms) = preSolution
		Debug|Any CPU = Debug|Any CPU
		Release|Any CPU = Release|Any CPU
	EndGlobalSection
	GlobalSection(ProjectConfigurationPlatforms) = postSolution
		{F3511EA4-6A70-4581-8B70-E97FA0A5FB4D}.Debug|Any CPU.ActiveCfg = Debug|Any CPU
		{F3511EA4-6A70-4581-8B70-E97FA0A5FB4D}.Debug|Any CPU.Build.0 = Debug|Any CPU
		{F3511EA4-6A70-4581-8B70-E97FA0A5FB4D}.Release|Any CPU.ActiveCfg = Release|Any CPU
		{F3511EA4-6A70-4581-8B70-E97FA0A5FB4D}.Release|Any CPU.Build.0 = Release|Any CPU
		{2C09F5DF-F73D-41E4-B91D-9DC4C1897968}.Debug|Any CPU.ActiveCfg = Debug|Any CPU
		{2C09F5DF-F73D-41E4-B91D-9DC4C1897968}.Debug|Any CPU.Build.0 = Debug|Any CPU
		{2C09F5DF-F73D-41E4-B91D-9DC4C1897968}.Release|Any CPU.ActiveCfg = Release|Any CPU
		{2C09F5DF-F73D-41E4-B91D-9DC4C1897968}.Release|Any CPU.Build.0 = Release|Any CPU
		{4A9696D6-A061-457B-A3BE-592DF09A6D8D}.Debug|Any CPU.ActiveCfg = Debug|Any CPU
		{4A9696D6-A061-457B-A3BE-592DF09A6D8D}.Debug|Any CPU.Build.0 = Debug|Any CPU
		{4A9696D6-A061-457B-A3BE-592DF09A6D8D}.Release|Any CPU.ActiveCfg = Release|Any CPU
		{4A9696D6-A061-457B-A3BE-592DF09A6D8D}.Release|Any CPU.Build.0 = Release|Any CPU
		{EC484432-CA6A-4E45-9DFD-A15C89260CBE}.Debug|Any CPU.ActiveCfg = Debug|Any CPU
		{EC484432-CA6A-4E45-9DFD-A15C89260CBE}.Debug|Any CPU.Build.0 = Debug|Any CPU
		{EC484432-CA6A-4E45-9DFD-A15C89260CBE}.Release|Any CPU.ActiveCfg = Release|Any CPU
		{EC484432-CA6A-4E45-9DFD-A15C89260CBE}.Release|Any CPU.Build.0 = Release|Any CPU
		{ADB06EF8-9CFD-4FCC-BF76-034C4389B62B}.Debug|Any CPU.ActiveCfg = Debug|Any CPU
		{ADB06EF8-9CFD-4FCC-BF76-034C4389B62B}.Debug|Any CPU.Build.0 = Debug|Any CPU
		{ADB06EF8-9CFD-4FCC-BF76-034C4389B62B}.Release|Any CPU.ActiveCfg = Release|Any CPU
		{ADB06EF8-9CFD-4FCC-BF76-034C4389B62B}.Release|Any CPU.Build.0 = Release|Any CPU
		{9259DB20-F81F-4A24-9944-29F930C2E7A2}.Debug|Any CPU.ActiveCfg = Debug|Any CPU
		{9259DB20-F81F-4A24-9944-29F930C2E7A2}.Debug|Any CPU.Build.0 = Debug|Any CPU
		{9259DB20-F81F-4A24-9944-29F930C2E7A2}.Release|Any CPU.ActiveCfg = Release|Any CPU
		{9259DB20-F81F-4A24-9944-29F930C2E7A2}.Release|Any CPU.Build.0 = Release|Any CPU
		{C3A829C7-8A66-47E8-AF8C-0D9E01A3918D}.Debug|Any CPU.ActiveCfg = Debug|Any CPU
		{C3A829C7-8A66-47E8-AF8C-0D9E01A3918D}.Debug|Any CPU.Build.0 = Debug|Any CPU
		{C3A829C7-8A66-47E8-AF8C-0D9E01A3918D}.Release|Any CPU.ActiveCfg = Release|Any CPU
		{C3A829C7-8A66-47E8-AF8C-0D9E01A3918D}.Release|Any CPU.Build.0 = Release|Any CPU
	EndGlobalSection
	GlobalSection(SolutionProperties) = preSolution
		HideSolutionNode = FALSE
	EndGlobalSection
	GlobalSection(ExtensibilityGlobals) = postSolution
		SolutionGuid = {30A02BD4-C76A-4C5D-8CA5-549C266357E2}
	EndGlobalSection
EndGlobal
